
Microsoft Visual Studio Solution File, Format Version 12.00
# Visual Studio Version 16
VisualStudioVersion = 16.0.31702.278
MinimumVisualStudioVersion = 10.0.40219.1
Project("{FAE04EC0-301F-11D3-BF4B-00C04F79EFBC}") = "guiproject", "guiproject\guiproject.csproj", "{1FF1E01A-CE6A-4C62-9CAC-2E9C2C672056}"
EndProject
Global
	GlobalSection(SolutionConfigurationPlatforms) = preSolution
		Debug|Any CPU = Debug|Any CPU
		Release|Any CPU = Release|Any CPU
	EndGlobalSection
	GlobalSection(ProjectConfigurationPlatforms) = postSolution
		{1FF1E01A-CE6A-4C62-9CAC-2E9C2C672056}.Debug|Any CPU.ActiveCfg = Debug|Any CPU
		{1FF1E01A-CE6A-4C62-9CAC-2E9C2C672056}.Debug|Any CPU.Build.0 = Debug|Any CPU
		{1FF1E01A-CE6A-4C62-9CAC-2E9C2C672056}.Release|Any CPU.ActiveCfg = Release|Any CPU
		{1FF1E01A-CE6A-4C62-9CAC-2E9C2C672056}.Release|Any CPU.Build.0 = Release|Any CPU
	EndGlobalSection
	GlobalSection(SolutionProperties) = preSolution
		HideSolutionNode = FALSE
	EndGlobalSection
	GlobalSection(ExtensibilityGlobals) = postSolution
		SolutionGuid = {EA15F9B7-E362-458A-8D1B-04BCE913BE18}
	EndGlobalSection
EndGlobal
